
Microsoft Visual Studio Solution File, Format Version 12.00
# Visual Studio Version 16
VisualStudioVersion = 16.0.29215.179
MinimumVisualStudioVersion = 10.0.40219.1
Project("{FAE04EC0-301F-11D3-BF4B-00C04F79EFBC}") = "SeleniumLab", "SeleniumLab\SeleniumLab.csproj", "{528C2773-3B1D-4CD4-B04B-AAA9B8F29BD0}"
EndProject
Global
	GlobalSection(SolutionConfigurationPlatforms) = preSolution
		Debug|Any CPU = Debug|Any CPU
		Release|Any CPU = Release|Any CPU
	EndGlobalSection
	GlobalSection(ProjectConfigurationPlatforms) = postSolution
		{528C2773-3B1D-4CD4-B04B-AAA9B8F29BD0}.Debug|Any CPU.ActiveCfg = Debug|Any CPU
		{528C2773-3B1D-4CD4-B04B-AAA9B8F29BD0}.Debug|Any CPU.Build.0 = Debug|Any CPU
		{528C2773-3B1D-4CD4-B04B-AAA9B8F29BD0}.Release|Any CPU.ActiveCfg = Release|Any CPU
		{528C2773-3B1D-4CD4-B04B-AAA9B8F29BD0}.Release|Any CPU.Build.0 = Release|Any CPU
	EndGlobalSection
	GlobalSection(SolutionProperties) = preSolution
		HideSolutionNode = FALSE
	EndGlobalSection
	GlobalSection(ExtensibilityGlobals) = postSolution
		SolutionGuid = {ED31DE17-ACBC-4BE6-AB6D-DA1A07964498}
	EndGlobalSection
EndGlobal
